
Microsoft Visual Studio Solution File, Format Version 12.00
# Visual Studio 15
VisualStudioVersion = 15.0.28306.52
MinimumVisualStudioVersion = 10.0.40219.1
Project("{FAE04EC0-301F-11D3-BF4B-00C04F79EFBC}") = "Task4_2", "Task4_2.csproj", "{7FC4A583-9687-4AD8-928E-94C844035D61}"
EndProject
Project("{FAE04EC0-301F-11D3-BF4B-00C04F79EFBC}") = "MSTestSearch", "..\MSTestSearch\MSTestSearch.csproj", "{8FD26ADE-E392-4429-8B96-1A487CE921F2}"
EndProject
Global
	GlobalSection(SolutionConfigurationPlatforms) = preSolution
		Debug|Any CPU = Debug|Any CPU
		Release|Any CPU = Release|Any CPU
	EndGlobalSection
	GlobalSection(ProjectConfigurationPlatforms) = postSolution
		{7FC4A583-9687-4AD8-928E-94C844035D61}.Debug|Any CPU.ActiveCfg = Debug|Any CPU
		{7FC4A583-9687-4AD8-928E-94C844035D61}.Debug|Any CPU.Build.0 = Debug|Any CPU
		{7FC4A583-9687-4AD8-928E-94C844035D61}.Release|Any CPU.ActiveCfg = Release|Any CPU
		{7FC4A583-9687-4AD8-928E-94C844035D61}.Release|Any CPU.Build.0 = Release|Any CPU
		{8FD26ADE-E392-4429-8B96-1A487CE921F2}.Debug|Any CPU.ActiveCfg = Debug|Any CPU
		{8FD26ADE-E392-4429-8B96-1A487CE921F2}.Debug|Any CPU.Build.0 = Debug|Any CPU
		{8FD26ADE-E392-4429-8B96-1A487CE921F2}.Release|Any CPU.ActiveCfg = Release|Any CPU
		{8FD26ADE-E392-4429-8B96-1A487CE921F2}.Release|Any CPU.Build.0 = Release|Any CPU
	EndGlobalSection
	GlobalSection(SolutionProperties) = preSolution
		HideSolutionNode = FALSE
	EndGlobalSection
	GlobalSection(ExtensibilityGlobals) = postSolution
		SolutionGuid = {BB13E207-BED9-4F03-997F-174AEB92A267}
	EndGlobalSection
EndGlobal
