
Microsoft Visual Studio Solution File, Format Version 12.00
# Visual Studio 15
VisualStudioVersion = 15.0.28306.52
MinimumVisualStudioVersion = 10.0.40219.1
Project("{FAE04EC0-301F-11D3-BF4B-00C04F79EFBC}") = "Task4_6", "Task4_6\Task4_6.csproj", "{F6B67CBA-29E4-4BFC-8ECE-92DF00BE55DA}"
EndProject
Project("{9A19103F-16F7-4668-BE54-9A1E7A4F7556}") = "NUnitTestFilter", "NUnitTestFilter\NUnitTestFilter.csproj", "{C8C35B98-A1BB-47FF-BCEF-FC3BFDA2DAE1}"
EndProject
Project("{9A19103F-16F7-4668-BE54-9A1E7A4F7556}") = "UnitTestFilter", "UnitTestFilter\UnitTestFilter.csproj", "{A0FBC66C-9792-4316-BEBD-F8CB70A1481B}"
EndProject
Project("{FAE04EC0-301F-11D3-BF4B-00C04F79EFBC}") = "TestDDT", "TestDDT\TestDDT.csproj", "{51D3BD52-881D-43C4-B9B1-49A93F38FE91}"
EndProject
Global
	GlobalSection(SolutionConfigurationPlatforms) = preSolution
		Debug|Any CPU = Debug|Any CPU
		Release|Any CPU = Release|Any CPU
	EndGlobalSection
	GlobalSection(ProjectConfigurationPlatforms) = postSolution
		{F6B67CBA-29E4-4BFC-8ECE-92DF00BE55DA}.Debug|Any CPU.ActiveCfg = Debug|Any CPU
		{F6B67CBA-29E4-4BFC-8ECE-92DF00BE55DA}.Debug|Any CPU.Build.0 = Debug|Any CPU
		{F6B67CBA-29E4-4BFC-8ECE-92DF00BE55DA}.Release|Any CPU.ActiveCfg = Release|Any CPU
		{F6B67CBA-29E4-4BFC-8ECE-92DF00BE55DA}.Release|Any CPU.Build.0 = Release|Any CPU
		{C8C35B98-A1BB-47FF-BCEF-FC3BFDA2DAE1}.Debug|Any CPU.ActiveCfg = Debug|Any CPU
		{C8C35B98-A1BB-47FF-BCEF-FC3BFDA2DAE1}.Debug|Any CPU.Build.0 = Debug|Any CPU
		{C8C35B98-A1BB-47FF-BCEF-FC3BFDA2DAE1}.Release|Any CPU.ActiveCfg = Release|Any CPU
		{C8C35B98-A1BB-47FF-BCEF-FC3BFDA2DAE1}.Release|Any CPU.Build.0 = Release|Any CPU
		{A0FBC66C-9792-4316-BEBD-F8CB70A1481B}.Debug|Any CPU.ActiveCfg = Debug|Any CPU
		{A0FBC66C-9792-4316-BEBD-F8CB70A1481B}.Debug|Any CPU.Build.0 = Debug|Any CPU
		{A0FBC66C-9792-4316-BEBD-F8CB70A1481B}.Release|Any CPU.ActiveCfg = Release|Any CPU
		{A0FBC66C-9792-4316-BEBD-F8CB70A1481B}.Release|Any CPU.Build.0 = Release|Any CPU
		{51D3BD52-881D-43C4-B9B1-49A93F38FE91}.Debug|Any CPU.ActiveCfg = Debug|Any CPU
		{51D3BD52-881D-43C4-B9B1-49A93F38FE91}.Debug|Any CPU.Build.0 = Debug|Any CPU
		{51D3BD52-881D-43C4-B9B1-49A93F38FE91}.Release|Any CPU.ActiveCfg = Release|Any CPU
		{51D3BD52-881D-43C4-B9B1-49A93F38FE91}.Release|Any CPU.Build.0 = Release|Any CPU
	EndGlobalSection
	GlobalSection(SolutionProperties) = preSolution
		HideSolutionNode = FALSE
	EndGlobalSection
	GlobalSection(ExtensibilityGlobals) = postSolution
		SolutionGuid = {325A7A89-D536-457E-A32B-8B33A936EC5B}
	EndGlobalSection
EndGlobal
